
Microsoft Visual Studio Solution File, Format Version 12.00
# Visual Studio Version 17
VisualStudioVersion = 17.7.34202.233
MinimumVisualStudioVersion = 10.0.40219.1
Project("{9A19103F-16F7-4668-BE54-9A1E7A4F7556}") = "API Controller Demo", "NewDemoProject\API Controller Demo.csproj", "{6F58AAAF-DFB2-4F8A-9994-9C62EB1408A3}"
EndProject
Project("{9A19103F-16F7-4668-BE54-9A1E7A4F7556}") = "ApplicationLayer", "ApplicationLayer\ApplicationLayer.csproj", "{0D311184-4858-4FE5-8B54-848D99C78C80}"
EndProject
Project("{9A19103F-16F7-4668-BE54-9A1E7A4F7556}") = "DomainLayer", "DomainLayer\DomainLayer.csproj", "{8AA98932-8CE0-4D88-BA21-2937C2EA276B}"
EndProject
Project("{9A19103F-16F7-4668-BE54-9A1E7A4F7556}") = "InfrastructureLayer", "InfrastructureLayer\InfrastructureLayer.csproj", "{BE9AC2E9-029B-40A7-AD0A-F587413B9C72}"
EndProject
Global
	GlobalSection(SolutionConfigurationPlatforms) = preSolution
		Debug|Any CPU = Debug|Any CPU
		Release|Any CPU = Release|Any CPU
	EndGlobalSection
	GlobalSection(ProjectConfigurationPlatforms) = postSolution
		{6F58AAAF-DFB2-4F8A-9994-9C62EB1408A3}.Debug|Any CPU.ActiveCfg = Debug|Any CPU
		{6F58AAAF-DFB2-4F8A-9994-9C62EB1408A3}.Debug|Any CPU.Build.0 = Debug|Any CPU
		{6F58AAAF-DFB2-4F8A-9994-9C62EB1408A3}.Release|Any CPU.ActiveCfg = Release|Any CPU
		{6F58AAAF-DFB2-4F8A-9994-9C62EB1408A3}.Release|Any CPU.Build.0 = Release|Any CPU
		{0D311184-4858-4FE5-8B54-848D99C78C80}.Debug|Any CPU.ActiveCfg = Debug|Any CPU
		{0D311184-4858-4FE5-8B54-848D99C78C80}.Debug|Any CPU.Build.0 = Debug|Any CPU
		{0D311184-4858-4FE5-8B54-848D99C78C80}.Release|Any CPU.ActiveCfg = Release|Any CPU
		{0D311184-4858-4FE5-8B54-848D99C78C80}.Release|Any CPU.Build.0 = Release|Any CPU
		{8AA98932-8CE0-4D88-BA21-2937C2EA276B}.Debug|Any CPU.ActiveCfg = Debug|Any CPU
		{8AA98932-8CE0-4D88-BA21-2937C2EA276B}.Debug|Any CPU.Build.0 = Debug|Any CPU
		{8AA98932-8CE0-4D88-BA21-2937C2EA276B}.Release|Any CPU.ActiveCfg = Release|Any CPU
		{8AA98932-8CE0-4D88-BA21-2937C2EA276B}.Release|Any CPU.Build.0 = Release|Any CPU
		{BE9AC2E9-029B-40A7-AD0A-F587413B9C72}.Debug|Any CPU.ActiveCfg = Debug|Any CPU
		{BE9AC2E9-029B-40A7-AD0A-F587413B9C72}.Debug|Any CPU.Build.0 = Debug|Any CPU
		{BE9AC2E9-029B-40A7-AD0A-F587413B9C72}.Release|Any CPU.ActiveCfg = Release|Any CPU
		{BE9AC2E9-029B-40A7-AD0A-F587413B9C72}.Release|Any CPU.Build.0 = Release|Any CPU
	EndGlobalSection
	GlobalSection(SolutionProperties) = preSolution
		HideSolutionNode = FALSE
	EndGlobalSection
	GlobalSection(ExtensibilityGlobals) = postSolution
		SolutionGuid = {F118CA7C-4E5F-4144-8AEA-A49DCBEA62D1}
	EndGlobalSection
EndGlobal
